
Microsoft Visual Studio Solution File, Format Version 12.00
# Visual Studio Version 17
VisualStudioVersion = 17.4.33110.190
MinimumVisualStudioVersion = 10.0.40219.1
Project("{9A19103F-16F7-4668-BE54-9A1E7A4F7556}") = "InventoryManagementSystem", "InventoryManagementSystem\InventoryManagementSystem.csproj", "{8F18EAEE-E85F-420B-92F7-AB18F6038F7D}"
EndProject
Global
	GlobalSection(SolutionConfigurationPlatforms) = preSolution
		Debug|Any CPU = Debug|Any CPU
		Release|Any CPU = Release|Any CPU
	EndGlobalSection
	GlobalSection(ProjectConfigurationPlatforms) = postSolution
		{8F18EAEE-E85F-420B-92F7-AB18F6038F7D}.Debug|Any CPU.ActiveCfg = Debug|Any CPU
		{8F18EAEE-E85F-420B-92F7-AB18F6038F7D}.Debug|Any CPU.Build.0 = Debug|Any CPU
		{8F18EAEE-E85F-420B-92F7-AB18F6038F7D}.Release|Any CPU.ActiveCfg = Release|Any CPU
		{8F18EAEE-E85F-420B-92F7-AB18F6038F7D}.Release|Any CPU.Build.0 = Release|Any CPU
	EndGlobalSection
	GlobalSection(SolutionProperties) = preSolution
		HideSolutionNode = FALSE
	EndGlobalSection
	GlobalSection(ExtensibilityGlobals) = postSolution
		SolutionGuid = {52A8292D-FE1A-4B2A-A995-8F5473C8C076}
	EndGlobalSection
EndGlobal
